// !$*UTF8*$!
{
	archiveVersion = 1;
	classes = {
	};
	objectVersion = 46;
	objects = {

/* Begin PBXBuildFile section */
		FDC2F5551AB95773004B8D10 /* AppDelegate.swift in Sources */ = {isa = PBXBuildFile; fileRef = FDC2F5541AB95773004B8D10 /* AppDelegate.swift */; };
		FDC2F5571AB95773004B8D10 /* ViewController.swift in Sources */ = {isa = PBXBuildFile; fileRef = FDC2F5561AB95773004B8D10 /* ViewController.swift */; };
		FDC2F55A1AB95773004B8D10 /* Main.storyboard in Resources */ = {isa = PBXBuildFile; fileRef = FDC2F5581AB95773004B8D10 /* Main.storyboard */; };
		FDC2F55C1AB95773004B8D10 /* Images.xcassets in Resources */ = {isa = PBXBuildFile; fileRef = FDC2F55B1AB95773004B8D10 /* Images.xcassets */; };
		FDC2F55F1AB95773004B8D10 /* LaunchScreen.xib in Resources */ = {isa = PBXBuildFile; fileRef = FDC2F55D1AB95773004B8D10 /* LaunchScreen.xib */; };
		FDC2F56B1AB95773004B8D10 /* ITMSUTests.swift in Sources */ = {isa = PBXBuildFile; fileRef = FDC2F56A1AB95773004B8D10 /* ITMSUTests.swift */; };
		FDC4471A1AE0E5E900D62EC7 /* header.jpg in Resources */ = {isa = PBXBuildFile; fileRef = FDC447191AE0E5E900D62EC7 /* header.jpg */; };
/* End PBXBuildFile section */

/* Begin PBXContainerItemProxy section */
		FDC2F5651AB95773004B8D10 /* PBXContainerItemProxy */ = {
			isa = PBXContainerItemProxy;
			containerPortal = FDC2F5471AB95773004B8D10 /* Project object */;
			proxyType = 1;
			remoteGlobalIDString = FDC2F54E1AB95773004B8D10;
			remoteInfo = ITMSU;
		};
/* End PBXContainerItemProxy section */

/* Begin PBXFileReference section */
		FDC2F54F1AB95773004B8D10 /* ITMSU.app */ = {isa = PBXFileReference; explicitFileType = wrapper.application; includeInIndex = 0; path = ITMSU.app; sourceTree = BUILT_PRODUCTS_DIR; };
		FDC2F5531AB95773004B8D10 /* Info.plist */ = {isa = PBXFileReference; lastKnownFileType = text.plist.xml; path = Info.plist; sourceTree = "<group>"; };
		FDC2F5541AB95773004B8D10 /* AppDelegate.swift */ = {isa = PBXFileReference; lastKnownFileType = sourcecode.swift; path = AppDelegate.swift; sourceTree = "<group>"; };
		FDC2F5561AB95773004B8D10 /* ViewController.swift */ = {isa = PBXFileReference; lastKnownFileType = sourcecode.swift; path = ViewController.swift; sourceTree = "<group>"; };
		FDC2F5591AB95773004B8D10 /* Base */ = {isa = PBXFileReference; lastKnownFileType = file.storyboard; name = Base; path = Base.lproj/Main.storyboard; sourceTree = "<group>"; };
		FDC2F55B1AB95773004B8D10 /* Images.xcassets */ = {isa = PBXFileReference; lastKnownFileType = folder.assetcatalog; path = Images.xcassets; sourceTree = "<group>"; };
		FDC2F55E1AB95773004B8D10 /* Base */ = {isa = PBXFileReference; lastKnownFileType = file.xib; name = Base; path = Base.lproj/LaunchScreen.xib; sourceTree = "<group>"; };
		FDC2F5641AB95773004B8D10 /* ITMSUTests.xctest */ = {isa = PBXFileReference; explicitFileType = wrapper.cfbundle; includeInIndex = 0; path = ITMSUTests.xctest; sourceTree = BUILT_PRODUCTS_DIR; };
		FDC2F5691AB95773004B8D10 /* Info.plist */ = {isa = PBXFileReference; lastKnownFileType = text.plist.xml; path = Info.plist; sourceTree = "<group>"; };
		FDC2F56A1AB95773004B8D10 /* ITMSUTests.swift */ = {isa = PBXFileReference; lastKnownFileType = sourcecode.swift; path = ITMSUTests.swift; sourceTree = "<group>"; };
		FDC447191AE0E5E900D62EC7 /* header.jpg */ = {isa = PBXFileReference; lastKnownFileType = image.jpeg; name = header.jpg; path = ../../../header.jpg; sourceTree = "<group>"; };
/* End PBXFileReference section */

/* Begin PBXFrameworksBuildPhase section */
		FDC2F54C1AB95773004B8D10 /* Frameworks */ = {
			isa = PBXFrameworksBuildPhase;
			buildActionMask = 2147483647;
			files = (
			);
			runOnlyForDeploymentPostprocessing = 0;
		};
		FDC2F5611AB95773004B8D10 /* Frameworks */ = {
			isa = PBXFrameworksBuildPhase;
			buildActionMask = 2147483647;
			files = (
			);
			runOnlyForDeploymentPostprocessing = 0;
		};
/* End PBXFrameworksBuildPhase section */

/* Begin PBXGroup section */
		FDC2F5461AB95773004B8D10 = {
			isa = PBXGroup;
			children = (
				FDC2F5511AB95773004B8D10 /* ITMSU */,
				FDC2F5671AB95773004B8D10 /* ITMSUTests */,
				FDC2F5501AB95773004B8D10 /* Products */,
			);
			sourceTree = "<group>";
		};
		FDC2F5501AB95773004B8D10 /* Products */ = {
			isa = PBXGroup;
			children = (
				FDC2F54F1AB95773004B8D10 /* ITMSU.app */,
				FDC2F5641AB95773004B8D10 /* ITMSUTests.xctest */,
			);
			name = Products;
			sourceTree = "<group>";
		};
		FDC2F5511AB95773004B8D10 /* ITMSU */ = {
			isa = PBXGroup;
			children = (
				FDC2F5541AB95773004B8D10 /* AppDelegate.swift */,
				FDC2F5561AB95773004B8D10 /* ViewController.swift */,
				FDC2F5581AB95773004B8D10 /* Main.storyboard */,
				FDC2F55B1AB95773004B8D10 /* Images.xcassets */,
				FDC2F55D1AB95773004B8D10 /* LaunchScreen.xib */,
				FDC2F5521AB95773004B8D10 /* Supporting Files */,
			);
			path = ITMSU;
			sourceTree = "<group>";
		};
		FDC2F5521AB95773004B8D10 /* Supporting Files */ = {
			isa = PBXGroup;
			children = (
				FDC447191AE0E5E900D62EC7 /* header.jpg */,
				FDC2F5531AB95773004B8D10 /* Info.plist */,
			);
			name = "Supporting Files";
			sourceTree = "<group>";
		};
		FDC2F5671AB95773004B8D10 /* ITMSUTests */ = {
			isa = PBXGroup;
			children = (
				FDC2F56A1AB95773004B8D10 /* ITMSUTests.swift */,
				FDC2F5681AB95773004B8D10 /* Supporting Files */,
			);
			path = ITMSUTests;
			sourceTree = "<group>";
		};
		FDC2F5681AB95773004B8D10 /* Supporting Files */ = {
			isa = PBXGroup;
			children = (
				FDC2F5691AB95773004B8D10 /* Info.plist */,
			);
			name = "Supporting Files";
			sourceTree = "<group>";
		};
/* End PBXGroup section */

/* Begin PBXNativeTarget section */
		FDC2F54E1AB95773004B8D10 /* ITMSU */ = {
			isa = PBXNativeTarget;
			buildConfigurationList = FDC2F56E1AB95773004B8D10 /* Build configuration list for PBXNativeTarget "ITMSU" */;
			buildPhases = (
				FDC2F54B1AB95773004B8D10 /* Sources */,
				FDC2F54C1AB95773004B8D10 /* Frameworks */,
				FDC2F54D1AB95773004B8D10 /* Resources */,
			);
			buildRules = (
			);
			dependencies = (
			);
			name = ITMSU;
			productName = ITMSU;
			productReference = FDC2F54F1AB95773004B8D10 /* ITMSU.app */;
			productType = "com.apple.product-type.application";
		};
		FDC2F5631AB95773004B8D10 /* ITMSUTests */ = {
			isa = PBXNativeTarget;
			buildConfigurationList = FDC2F5711AB95773004B8D10 /* Build configuration list for PBXNativeTarget "ITMSUTests" */;
			buildPhases = (
				FDC2F5601AB95773004B8D10 /* Sources */,
				FDC2F5611AB95773004B8D10 /* Frameworks */,
				FDC2F5621AB95773004B8D10 /* Resources */,
			);
			buildRules = (
			);
			dependencies = (
				FDC2F5661AB95773004B8D10 /* PBXTargetDependency */,
			);
			name = ITMSUTests;
			productName = ITMSUTests;
			productReference = FDC2F5641AB95773004B8D10 /* ITMSUTests.xctest */;
			productType = "com.apple.product-type.bundle.unit-test";
		};
/* End PBXNativeTarget section */

/* Begin PBXProject section */
		FDC2F5471AB95773004B8D10 /* Project object */ = {
			isa = PBXProject;
			attributes = {
				LastUpgradeCheck = 0600;
				ORGANIZATIONNAME = iStudents;
				TargetAttributes = {
					FDC2F54E1AB95773004B8D10 = {
						CreatedOnToolsVersion = 6.0;
					};
					FDC2F5631AB95773004B8D10 = {
						CreatedOnToolsVersion = 6.0;
						TestTargetID = FDC2F54E1AB95773004B8D10;
					};
				};
			};
			buildConfigurationList = FDC2F54A1AB95773004B8D10 /* Build configuration list for PBXProject "ITMSU" */;
			compatibilityVersion = "Xcode 3.2";
			developmentRegion = English;
			hasScannedForEncodings = 0;
			knownRegions = (
				en,
				Base,
			);
			mainGroup = FDC2F5461AB95773004B8D10;
			productRefGroup = FDC2F5501AB95773004B8D10 /* Products */;
			projectDirPath = "";
			projectRoot = "";
			targets = (
				FDC2F54E1AB95773004B8D10 /* ITMSU */,
				FDC2F5631AB95773004B8D10 /* ITMSUTests */,
			);
		};
/* End PBXProject section */

/* Begin PBXResourcesBuildPhase section */
		FDC2F54D1AB95773004B8D10 /* Resources */ = {
			isa = PBXResourcesBuildPhase;
			buildActionMask = 2147483647;
			files = (
				FDC2F55A1AB95773004B8D10 /* Main.storyboard in Resources */,
				FDC2F55F1AB95773004B8D10 /* LaunchScreen.xib in Resources */,
				FDC4471A1AE0E5E900D62EC7 /* header.jpg in Resources */,
				FDC2F55C1AB95773004B8D10 /* Images.xcassets in Resources */,
			);
			runOnlyForDeploymentPostprocessing = 0;
		};
		FDC2F5621AB95773004B8D10 /* Resources */ = {
			isa = PBXResourcesBuildPhase;
			buildActionMask = 2147483647;
			files = (
			);
			runOnlyForDeploymentPostprocessing = 0;
		};
/* End PBXResourcesBuildPhase section */

/* Begin PBXSourcesBuildPhase section */
		FDC2F54B1AB95773004B8D10 /* Sources */ = {
			isa = PBXSourcesBuildPhase;
			buildActionMask = 2147483647;
			files = (
				FDC2F5571AB95773004B8D10 /* ViewController.swift in Sources */,
				FDC2F5551AB95773004B8D10 /* AppDelegate.swift in Sources */,
			);
			runOnlyForDeploymentPostprocessing = 0;
		};
		FDC2F5601AB95773004B8D10 /* Sources */ = {
			isa = PBXSourcesBuildPhase;
			buildActionMask = 2147483647;
			files = (
				FDC2F56B1AB95773004B8D10 /* ITMSUTests.swift in Sources */,
			);
			runOnlyForDeploymentPostprocessing = 0;
		};
/* End PBXSourcesBuildPhase section */

/* Begin PBXTargetDependency section */
		FDC2F5661AB95773004B8D10 /* PBXTargetDependency */ = {
			isa = PBXTargetDependency;
			target = FDC2F54E1AB95773004B8D10 /* ITMSU */;
			targetProxy = FDC2F5651AB95773004B8D10 /* PBXContainerItemProxy */;
		};
/* End PBXTargetDependency section */

/* Begin PBXVariantGroup section */
		FDC2F5581AB95773004B8D10 /* Main.storyboard */ = {
			isa = PBXVariantGroup;
			children = (
				FDC2F5591AB95773004B8D10 /* Base */,
			);
			name = Main.storyboard;
			sourceTree = "<group>";
		};
		FDC2F55D1AB95773004B8D10 /* LaunchScreen.xib */ = {
			isa = PBXVariantGroup;
			children = (
				FDC2F55E1AB95773004B8D10 /* Base */,
			);
			name = LaunchScreen.xib;
			sourceTree = "<group>";
		};
/* End PBXVariantGroup section */

/* Begin XCBuildConfiguration section */
		FDC2F56C1AB95773004B8D10 /* Debug */ = {
			isa = XCBuildConfiguration;
			buildSettings = {
				ALWAYS_SEARCH_USER_PATHS = NO;
				CLANG_CXX_LANGUAGE_STANDARD = "gnu++0x";
				CLANG_CXX_LIBRARY = "libc++";
				CLANG_ENABLE_MODULES = YES;
				CLANG_ENABLE_OBJC_ARC = YES;
				CLANG_WARN_BOOL_CONVERSION = YES;
				CLANG_WARN_CONSTANT_CONVERSION = YES;
				CLANG_WARN_DIRECT_OBJC_ISA_USAGE = YES_ERROR;
				CLANG_WARN_EMPTY_BODY = YES;
				CLANG_WARN_ENUM_CONVERSION = YES;
				CLANG_WARN_INT_CONVERSION = YES;
				CLANG_WARN_OBJC_ROOT_CLASS = YES_ERROR;
				CLANG_WARN_UNREACHABLE_CODE = YES;
				CLANG_WARN__DUPLICATE_METHOD_MATCH = YES;
				"CODE_SIGN_IDENTITY[sdk=iphoneos*]" = "iPhone Developer";
				COPY_PHASE_STRIP = NO;
				ENABLE_STRICT_OBJC_MSGSEND = YES;
				GCC_C_LANGUAGE_STANDARD = gnu99;
				GCC_DYNAMIC_NO_PIC = NO;
				GCC_OPTIMIZATION_LEVEL = 0;
				GCC_PREPROCESSOR_DEFINITIONS = (
					"DEBUG=1",
					"$(inherited)",
				);
				GCC_SYMBOLS_PRIVATE_EXTERN = NO;
				GCC_WARN_64_TO_32_BIT_CONVERSION = YES;
				GCC_WARN_ABOUT_RETURN_TYPE = YES_ERROR;
				GCC_WARN_UNDECLARED_SELECTOR = YES;
				GCC_WARN_UNINITIALIZED_AUTOS = YES_AGGRESSIVE;
				GCC_WARN_UNUSED_FUNCTION = YES;
				GCC_WARN_UNUSED_VARIABLE = YES;
				IPHONEOS_DEPLOYMENT_TARGET = 8.0;
				MTL_ENABLE_DEBUG_INFO = YES;
				ONLY_ACTIVE_ARCH = YES;
				SDKROOT = iphoneos;
				SWIFT_OPTIMIZATION_LEVEL = "-Onone";
			};
			name = Debug;
		};
		FDC2F56D1AB95773004B8D10 /* Release */ = {
			isa = XCBuildConfiguration;
			buildSettings = {
				ALWAYS_SEARCH_USER_PATHS = NO;
				CLANG_CXX_LANGUAGE_STANDARD = "gnu++0x";
				CLANG_CXX_LIBRARY = "libc++";
				CLANG_ENABLE_MODULES = YES;
				CLANG_ENABLE_OBJC_ARC = YES;
				CLANG_WARN_BOOL_CONVERSION = YES;
				CLANG_WARN_CONSTANT_CONVERSION = YES;
				CLANG_WARN_DIRECT_OBJC_ISA_USAGE = YES_ERROR;
				CLANG_WARN_EMPTY_BODY = YES;
				CLANG_WARN_ENUM_CONVERSION = YES;
				CLANG_WARN_INT_CONVERSION = YES;
				CLANG_WARN_OBJC_ROOT_CLASS = YES_ERROR;
				CLANG_WARN_UNREACHABLE_CODE = YES;
				CLANG_WARN__DUPLICATE_METHOD_MATCH = YES;
				"CODE_SIGN_IDENTITY[sdk=iphoneos*]" = "iPhone Developer";
				COPY_PHASE_STRIP = YES;
				ENABLE_NS_ASSERTIONS = NO;
				ENABLE_STRICT_OBJC_MSGSEND = YES;
				GCC_C_LANGUAGE_STANDARD = gnu99;
				GCC_WARN_64_TO_32_BIT_CONVERSION = YES;
				GCC_WARN_ABOUT_RETURN_TYPE = YES_ERROR;
				GCC_WARN_UNDECLARED_SELECTOR = YES;
				GCC_WARN_UNINITIALIZED_AUTOS = YES_AGGRESSIVE;
				GCC_WARN_UNUSED_FUNCTION = YES;
				GCC_WARN_UNUSED_VARIABLE = YES;
				IPHONEOS_DEPLOYMENT_TARGET = 8.0;
				MTL_ENABLE_DEBUG_INFO = NO;
				SDKROOT = iphoneos;
				VALIDATE_PRODUCT = YES;
			};
			name = Release;
		};
		FDC2F56F1AB95773004B8D10 /* Debug */ = {
			isa = XCBuildConfiguration;
			buildSettings = {
				ASSETCATALOG_COMPILER_APPICON_NAME = AppIcon;
				INFOPLIST_FILE = ITMSU/Info.plist;
				LD_RUNPATH_SEARCH_PATHS = "$(inherited) @executable_path/Frameworks";
				PRODUCT_NAME = "$(TARGET_NAME)";
			};
			name = Debug;
		};
		FDC2F5701AB95773004B8D10 /* Release */ = {
			isa = XCBuildConfiguration;
			buildSettings = {
				ASSETCATALOG_COMPILER_APPICON_NAME = AppIcon;
				INFOPLIST_FILE = ITMSU/Info.plist;
				LD_RUNPATH_SEARCH_PATHS = "$(inherited) @executable_path/Frameworks";
				PRODUCT_NAME = "$(TARGET_NAME)";
			};
			name = Release;
		};
		FDC2F5721AB95773004B8D10 /* Debug */ = {
			isa = XCBuildConfiguration;
			buildSettings = {
				BUNDLE_LOADER = "$(TEST_HOST)";
				FRAMEWORK_SEARCH_PATHS = (
					"$(SDKROOT)/Developer/Library/Frameworks",
					"$(inherited)",
				);
				GCC_PREPROCESSOR_DEFINITIONS = (
					"DEBUG=1",
					"$(inherited)",
				);
				INFOPLIST_FILE = ITMSUTests/Info.plist;
				LD_RUNPATH_SEARCH_PATHS = "$(inherited) @executable_path/Frameworks @loader_path/Frameworks";
				PRODUCT_NAME = "$(TARGET_NAME)";
				TEST_HOST = "$(BUILT_PRODUCTS_DIR)/ITMSU.app/ITMSU";
			};
			name = Debug;
		};
		FDC2F5731AB95773004B8D10 /* Release */ = {
			isa = XCBuildConfiguration;
			buildSettings = {
				BUNDLE_LOADER = "$(TEST_HOST)";
				FRAMEWORK_SEARCH_PATHS = (
					"$(SDKROOT)/Developer/Library/Frameworks",
					"$(inherited)",
				);
				INFOPLIST_FILE = ITMSUTests/Info.plist;
				LD_RUNPATH_SEARCH_PATHS = "$(inherited) @executable_path/Frameworks @loader_path/Frameworks";
				PRODUCT_NAME = "$(TARGET_NAME)";
				TEST_HOST = "$(BUILT_PRODUCTS_DIR)/ITMSU.app/ITMSU";
			};
			name = Release;
		};
/* End XCBuildConfiguration section */

/* Begin XCConfigurationList section */
		FDC2F54A1AB95773004B8D10 /* Build configuration list for PBXProject "ITMSU" */ = {
			isa = XCConfigurationList;
			buildConfigurations = (
				FDC2F56C1AB95773004B8D10 /* Debug */,
				FDC2F56D1AB95773004B8D10 /* Release */,
			);
			defaultConfigurationIsVisible = 0;
			defaultConfigurationName = Release;
		};
		FDC2F56E1AB95773004B8D10 /* Build configuration list for PBXNativeTarget "ITMSU" */ = {
			isa = XCConfigurationList;
			buildConfigurations = (
				FDC2F56F1AB95773004B8D10 /* Debug */,
				FDC2F5701AB95773004B8D10 /* Release */,
			);
			defaultConfigurationIsVisible = 0;
			defaultConfigurationName = Release;
		};
		FDC2F5711AB95773004B8D10 /* Build configuration list for PBXNativeTarget "ITMSUTests" */ = {
			isa = XCConfigurationList;
			buildConfigurations = (
				FDC2F5721AB95773004B8D10 /* Debug */,
				FDC2F5731AB95773004B8D10 /* Release */,
			);
			defaultConfigurationIsVisible = 0;
			defaultConfigurationName = Release;
		};
/* End XCConfigurationList section */
	};
	rootObject = FDC2F5471AB95773004B8D10 /* Project object */;
}
