// !$*UTF8*$!
{
	archiveVersion = 1;
	classes = {
	};
	objectVersion = 46;
	objects = {

/* Begin PBXBuildFile section */
		FD65B5021A8DD38200D72043 /* AppDelegate.swift in Sources */ = {isa = PBXBuildFile; fileRef = FD65B5011A8DD38200D72043 /* AppDelegate.swift */; };
		FD65B5041A8DD38200D72043 /* ViewController.swift in Sources */ = {isa = PBXBuildFile; fileRef = FD65B5031A8DD38200D72043 /* ViewController.swift */; };
		FD65B5071A8DD38200D72043 /* Main.storyboard in Resources */ = {isa = PBXBuildFile; fileRef = FD65B5051A8DD38200D72043 /* Main.storyboard */; };
		FD65B5091A8DD38200D72043 /* Images.xcassets in Resources */ = {isa = PBXBuildFile; fileRef = FD65B5081A8DD38200D72043 /* Images.xcassets */; };
		FD65B50C1A8DD38200D72043 /* LaunchScreen.xib in Resources */ = {isa = PBXBuildFile; fileRef = FD65B50A1A8DD38200D72043 /* LaunchScreen.xib */; };
		FD65B5181A8DD38200D72043 /* IOS8SwiftPrototypeCellsTutorialTests.swift in Sources */ = {isa = PBXBuildFile; fileRef = FD65B5171A8DD38200D72043 /* IOS8SwiftPrototypeCellsTutorialTests.swift */; };
		FD65B53A1A8DE41900D72043 /* truck2.png in Resources */ = {isa = PBXBuildFile; fileRef = FD65B5371A8DE41900D72043 /* truck2.png */; };
		FD65B53B1A8DE41900D72043 /* helicopter.png in Resources */ = {isa = PBXBuildFile; fileRef = FD65B5381A8DE41900D72043 /* helicopter.png */; };
/* End PBXBuildFile section */

/* Begin PBXContainerItemProxy section */
		FD65B5121A8DD38200D72043 /* PBXContainerItemProxy */ = {
			isa = PBXContainerItemProxy;
			containerPortal = FD65B4F41A8DD38200D72043 /* Project object */;
			proxyType = 1;
			remoteGlobalIDString = FD65B4FB1A8DD38200D72043;
			remoteInfo = IOS8SwiftPrototypeCellsTutorial;
		};
/* End PBXContainerItemProxy section */

/* Begin PBXFileReference section */
		FD65B4FC1A8DD38200D72043 /* IOS8SwiftPrototypeCellsTutorial.app */ = {isa = PBXFileReference; explicitFileType = wrapper.application; includeInIndex = 0; path = IOS8SwiftPrototypeCellsTutorial.app; sourceTree = BUILT_PRODUCTS_DIR; };
		FD65B5011A8DD38200D72043 /* AppDelegate.swift */ = {isa = PBXFileReference; lastKnownFileType = sourcecode.swift; path = AppDelegate.swift; sourceTree = "<group>"; };
		FD65B5031A8DD38200D72043 /* ViewController.swift */ = {isa = PBXFileReference; lastKnownFileType = sourcecode.swift; path = ViewController.swift; sourceTree = "<group>"; };
		FD65B5061A8DD38200D72043 /* Base */ = {isa = PBXFileReference; lastKnownFileType = file.storyboard; name = Base; path = Base.lproj/Main.storyboard; sourceTree = "<group>"; };
		FD65B5081A8DD38200D72043 /* Images.xcassets */ = {isa = PBXFileReference; lastKnownFileType = folder.assetcatalog; path = Images.xcassets; sourceTree = "<group>"; };
		FD65B50B1A8DD38200D72043 /* Base */ = {isa = PBXFileReference; lastKnownFileType = file.xib; name = Base; path = Base.lproj/LaunchScreen.xib; sourceTree = "<group>"; };
		FD65B5111A8DD38200D72043 /* IOS8SwiftPrototypeCellsTutorialTests.xctest */ = {isa = PBXFileReference; explicitFileType = wrapper.cfbundle; includeInIndex = 0; path = IOS8SwiftPrototypeCellsTutorialTests.xctest; sourceTree = BUILT_PRODUCTS_DIR; };
		FD65B5161A8DD38200D72043 /* Info.plist */ = {isa = PBXFileReference; lastKnownFileType = text.plist.xml; path = Info.plist; sourceTree = "<group>"; };
		FD65B5171A8DD38200D72043 /* IOS8SwiftPrototypeCellsTutorialTests.swift */ = {isa = PBXFileReference; lastKnownFileType = sourcecode.swift; path = IOS8SwiftPrototypeCellsTutorialTests.swift; sourceTree = "<group>"; };
		FD65B5371A8DE41900D72043 /* truck2.png */ = {isa = PBXFileReference; lastKnownFileType = image.png; path = truck2.png; sourceTree = "<group>"; };
		FD65B5381A8DE41900D72043 /* helicopter.png */ = {isa = PBXFileReference; lastKnownFileType = image.png; path = helicopter.png; sourceTree = "<group>"; };
/* End PBXFileReference section */

/* Begin PBXFrameworksBuildPhase section */
		FD65B4F91A8DD38200D72043 /* Frameworks */ = {
			isa = PBXFrameworksBuildPhase;
			buildActionMask = 2147483647;
			files = (
			);
			runOnlyForDeploymentPostprocessing = 0;
		};
		FD65B50E1A8DD38200D72043 /* Frameworks */ = {
			isa = PBXFrameworksBuildPhase;
			buildActionMask = 2147483647;
			files = (
			);
			runOnlyForDeploymentPostprocessing = 0;
		};
/* End PBXFrameworksBuildPhase section */

/* Begin PBXGroup section */
		FD65B4F31A8DD38200D72043 = {
			isa = PBXGroup;
			children = (
				FD65B4FE1A8DD38200D72043 /* IOS8SwiftPrototypeCellsTutorial */,
				FD65B5141A8DD38200D72043 /* IOS8SwiftPrototypeCellsTutorialTests */,
				FD65B4FD1A8DD38200D72043 /* Products */,
			);
			sourceTree = "<group>";
		};
		FD65B4FD1A8DD38200D72043 /* Products */ = {
			isa = PBXGroup;
			children = (
				FD65B4FC1A8DD38200D72043 /* IOS8SwiftPrototypeCellsTutorial.app */,
				FD65B5111A8DD38200D72043 /* IOS8SwiftPrototypeCellsTutorialTests.xctest */,
			);
			name = Products;
			sourceTree = "<group>";
		};
		FD65B4FE1A8DD38200D72043 /* IOS8SwiftPrototypeCellsTutorial */ = {
			isa = PBXGroup;
			children = (
				FD65B5011A8DD38200D72043 /* AppDelegate.swift */,
				FD65B5031A8DD38200D72043 /* ViewController.swift */,
				FD65B5051A8DD38200D72043 /* Main.storyboard */,
				FD65B5081A8DD38200D72043 /* Images.xcassets */,
				FD65B50A1A8DD38200D72043 /* LaunchScreen.xib */,
				FD65B4FF1A8DD38200D72043 /* Supporting Files */,
			);
			path = IOS8SwiftPrototypeCellsTutorial;
			sourceTree = "<group>";
		};
		FD65B4FF1A8DD38200D72043 /* Supporting Files */ = {
			isa = PBXGroup;
			children = (
				FD65B5371A8DE41900D72043 /* truck2.png */,
				FD65B5381A8DE41900D72043 /* helicopter.png */,
			);
			name = "Supporting Files";
			sourceTree = "<group>";
		};
		FD65B5141A8DD38200D72043 /* IOS8SwiftPrototypeCellsTutorialTests */ = {
			isa = PBXGroup;
			children = (
				FD65B5171A8DD38200D72043 /* IOS8SwiftPrototypeCellsTutorialTests.swift */,
				FD65B5151A8DD38200D72043 /* Supporting Files */,
			);
			path = IOS8SwiftPrototypeCellsTutorialTests;
			sourceTree = "<group>";
		};
		FD65B5151A8DD38200D72043 /* Supporting Files */ = {
			isa = PBXGroup;
			children = (
				FD65B5161A8DD38200D72043 /* Info.plist */,
			);
			name = "Supporting Files";
			sourceTree = "<group>";
		};
/* End PBXGroup section */

/* Begin PBXNativeTarget section */
		FD65B4FB1A8DD38200D72043 /* IOS8SwiftPrototypeCellsTutorial */ = {
			isa = PBXNativeTarget;
			buildConfigurationList = FD65B51B1A8DD38200D72043 /* Build configuration list for PBXNativeTarget "IOS8SwiftPrototypeCellsTutorial" */;
			buildPhases = (
				FD65B4F81A8DD38200D72043 /* Sources */,
				FD65B4F91A8DD38200D72043 /* Frameworks */,
				FD65B4FA1A8DD38200D72043 /* Resources */,
			);
			buildRules = (
			);
			dependencies = (
			);
			name = IOS8SwiftPrototypeCellsTutorial;
			productName = IOS8SwiftPrototypeCellsTutorial;
			productReference = FD65B4FC1A8DD38200D72043 /* IOS8SwiftPrototypeCellsTutorial.app */;
			productType = "com.apple.product-type.application";
		};
		FD65B5101A8DD38200D72043 /* IOS8SwiftPrototypeCellsTutorialTests */ = {
			isa = PBXNativeTarget;
			buildConfigurationList = FD65B51E1A8DD38200D72043 /* Build configuration list for PBXNativeTarget "IOS8SwiftPrototypeCellsTutorialTests" */;
			buildPhases = (
				FD65B50D1A8DD38200D72043 /* Sources */,
				FD65B50E1A8DD38200D72043 /* Frameworks */,
				FD65B50F1A8DD38200D72043 /* Resources */,
			);
			buildRules = (
			);
			dependencies = (
				FD65B5131A8DD38200D72043 /* PBXTargetDependency */,
			);
			name = IOS8SwiftPrototypeCellsTutorialTests;
			productName = IOS8SwiftPrototypeCellsTutorialTests;
			productReference = FD65B5111A8DD38200D72043 /* IOS8SwiftPrototypeCellsTutorialTests.xctest */;
			productType = "com.apple.product-type.bundle.unit-test";
		};
/* End PBXNativeTarget section */

/* Begin PBXProject section */
		FD65B4F41A8DD38200D72043 /* Project object */ = {
			isa = PBXProject;
			attributes = {
				LastUpgradeCheck = 0600;
				ORGANIZATIONNAME = iStudents;
				TargetAttributes = {
					FD65B4FB1A8DD38200D72043 = {
						CreatedOnToolsVersion = 6.0;
					};
					FD65B5101A8DD38200D72043 = {
						CreatedOnToolsVersion = 6.0;
						TestTargetID = FD65B4FB1A8DD38200D72043;
					};
				};
			};
			buildConfigurationList = FD65B4F71A8DD38200D72043 /* Build configuration list for PBXProject "IOS8SwiftPrototypeCellsTutorial" */;
			compatibilityVersion = "Xcode 3.2";
			developmentRegion = English;
			hasScannedForEncodings = 0;
			knownRegions = (
				en,
				Base,
			);
			mainGroup = FD65B4F31A8DD38200D72043;
			productRefGroup = FD65B4FD1A8DD38200D72043 /* Products */;
			projectDirPath = "";
			projectRoot = "";
			targets = (
				FD65B4FB1A8DD38200D72043 /* IOS8SwiftPrototypeCellsTutorial */,
				FD65B5101A8DD38200D72043 /* IOS8SwiftPrototypeCellsTutorialTests */,
			);
		};
/* End PBXProject section */

/* Begin PBXResourcesBuildPhase section */
		FD65B4FA1A8DD38200D72043 /* Resources */ = {
			isa = PBXResourcesBuildPhase;
			buildActionMask = 2147483647;
			files = (
				FD65B53B1A8DE41900D72043 /* helicopter.png in Resources */,
				FD65B53A1A8DE41900D72043 /* truck2.png in Resources */,
				FD65B5071A8DD38200D72043 /* Main.storyboard in Resources */,
				FD65B50C1A8DD38200D72043 /* LaunchScreen.xib in Resources */,
				FD65B5091A8DD38200D72043 /* Images.xcassets in Resources */,
			);
			runOnlyForDeploymentPostprocessing = 0;
		};
		FD65B50F1A8DD38200D72043 /* Resources */ = {
			isa = PBXResourcesBuildPhase;
			buildActionMask = 2147483647;
			files = (
			);
			runOnlyForDeploymentPostprocessing = 0;
		};
/* End PBXResourcesBuildPhase section */

/* Begin PBXSourcesBuildPhase section */
		FD65B4F81A8DD38200D72043 /* Sources */ = {
			isa = PBXSourcesBuildPhase;
			buildActionMask = 2147483647;
			files = (
				FD65B5041A8DD38200D72043 /* ViewController.swift in Sources */,
				FD65B5021A8DD38200D72043 /* AppDelegate.swift in Sources */,
			);
			runOnlyForDeploymentPostprocessing = 0;
		};
		FD65B50D1A8DD38200D72043 /* Sources */ = {
			isa = PBXSourcesBuildPhase;
			buildActionMask = 2147483647;
			files = (
				FD65B5181A8DD38200D72043 /* IOS8SwiftPrototypeCellsTutorialTests.swift in Sources */,
			);
			runOnlyForDeploymentPostprocessing = 0;
		};
/* End PBXSourcesBuildPhase section */

/* Begin PBXTargetDependency section */
		FD65B5131A8DD38200D72043 /* PBXTargetDependency */ = {
			isa = PBXTargetDependency;
			target = FD65B4FB1A8DD38200D72043 /* IOS8SwiftPrototypeCellsTutorial */;
			targetProxy = FD65B5121A8DD38200D72043 /* PBXContainerItemProxy */;
		};
/* End PBXTargetDependency section */

/* Begin PBXVariantGroup section */
		FD65B5051A8DD38200D72043 /* Main.storyboard */ = {
			isa = PBXVariantGroup;
			children = (
				FD65B5061A8DD38200D72043 /* Base */,
			);
			name = Main.storyboard;
			sourceTree = "<group>";
		};
		FD65B50A1A8DD38200D72043 /* LaunchScreen.xib */ = {
			isa = PBXVariantGroup;
			children = (
				FD65B50B1A8DD38200D72043 /* Base */,
			);
			name = LaunchScreen.xib;
			sourceTree = "<group>";
		};
/* End PBXVariantGroup section */

/* Begin XCBuildConfiguration section */
		FD65B5191A8DD38200D72043 /* Debug */ = {
			isa = XCBuildConfiguration;
			buildSettings = {
				ALWAYS_SEARCH_USER_PATHS = NO;
				CLANG_CXX_LANGUAGE_STANDARD = "gnu++0x";
				CLANG_CXX_LIBRARY = "libc++";
				CLANG_ENABLE_MODULES = YES;
				CLANG_ENABLE_OBJC_ARC = YES;
				CLANG_WARN_BOOL_CONVERSION = YES;
				CLANG_WARN_CONSTANT_CONVERSION = YES;
				CLANG_WARN_DIRECT_OBJC_ISA_USAGE = YES_ERROR;
				CLANG_WARN_EMPTY_BODY = YES;
				CLANG_WARN_ENUM_CONVERSION = YES;
				CLANG_WARN_INT_CONVERSION = YES;
				CLANG_WARN_OBJC_ROOT_CLASS = YES_ERROR;
				CLANG_WARN_UNREACHABLE_CODE = YES;
				CLANG_WARN__DUPLICATE_METHOD_MATCH = YES;
				"CODE_SIGN_IDENTITY[sdk=iphoneos*]" = "iPhone Developer";
				COPY_PHASE_STRIP = NO;
				ENABLE_STRICT_OBJC_MSGSEND = YES;
				GCC_C_LANGUAGE_STANDARD = gnu99;
				GCC_DYNAMIC_NO_PIC = NO;
				GCC_OPTIMIZATION_LEVEL = 0;
				GCC_PREPROCESSOR_DEFINITIONS = (
					"DEBUG=1",
					"$(inherited)",
				);
				GCC_SYMBOLS_PRIVATE_EXTERN = NO;
				GCC_WARN_64_TO_32_BIT_CONVERSION = YES;
				GCC_WARN_ABOUT_RETURN_TYPE = YES_ERROR;
				GCC_WARN_UNDECLARED_SELECTOR = YES;
				GCC_WARN_UNINITIALIZED_AUTOS = YES_AGGRESSIVE;
				GCC_WARN_UNUSED_FUNCTION = YES;
				GCC_WARN_UNUSED_VARIABLE = YES;
				IPHONEOS_DEPLOYMENT_TARGET = 8.0;
				MTL_ENABLE_DEBUG_INFO = YES;
				ONLY_ACTIVE_ARCH = YES;
				SDKROOT = iphoneos;
				SWIFT_OPTIMIZATION_LEVEL = "-Onone";
			};
			name = Debug;
		};
		FD65B51A1A8DD38200D72043 /* Release */ = {
			isa = XCBuildConfiguration;
			buildSettings = {
				ALWAYS_SEARCH_USER_PATHS = NO;
				CLANG_CXX_LANGUAGE_STANDARD = "gnu++0x";
				CLANG_CXX_LIBRARY = "libc++";
				CLANG_ENABLE_MODULES = YES;
				CLANG_ENABLE_OBJC_ARC = YES;
				CLANG_WARN_BOOL_CONVERSION = YES;
				CLANG_WARN_CONSTANT_CONVERSION = YES;
				CLANG_WARN_DIRECT_OBJC_ISA_USAGE = YES_ERROR;
				CLANG_WARN_EMPTY_BODY = YES;
				CLANG_WARN_ENUM_CONVERSION = YES;
				CLANG_WARN_INT_CONVERSION = YES;
				CLANG_WARN_OBJC_ROOT_CLASS = YES_ERROR;
				CLANG_WARN_UNREACHABLE_CODE = YES;
				CLANG_WARN__DUPLICATE_METHOD_MATCH = YES;
				"CODE_SIGN_IDENTITY[sdk=iphoneos*]" = "iPhone Developer";
				COPY_PHASE_STRIP = YES;
				ENABLE_NS_ASSERTIONS = NO;
				ENABLE_STRICT_OBJC_MSGSEND = YES;
				GCC_C_LANGUAGE_STANDARD = gnu99;
				GCC_WARN_64_TO_32_BIT_CONVERSION = YES;
				GCC_WARN_ABOUT_RETURN_TYPE = YES_ERROR;
				GCC_WARN_UNDECLARED_SELECTOR = YES;
				GCC_WARN_UNINITIALIZED_AUTOS = YES_AGGRESSIVE;
				GCC_WARN_UNUSED_FUNCTION = YES;
				GCC_WARN_UNUSED_VARIABLE = YES;
				IPHONEOS_DEPLOYMENT_TARGET = 8.0;
				MTL_ENABLE_DEBUG_INFO = NO;
				SDKROOT = iphoneos;
				VALIDATE_PRODUCT = YES;
			};
			name = Release;
		};
		FD65B51C1A8DD38200D72043 /* Debug */ = {
			isa = XCBuildConfiguration;
			buildSettings = {
				ASSETCATALOG_COMPILER_APPICON_NAME = AppIcon;
				INFOPLIST_FILE = IOS8SwiftPrototypeCellsTutorial/Info.plist;
				LD_RUNPATH_SEARCH_PATHS = "$(inherited) @executable_path/Frameworks";
				PRODUCT_NAME = "$(TARGET_NAME)";
			};
			name = Debug;
		};
		FD65B51D1A8DD38200D72043 /* Release */ = {
			isa = XCBuildConfiguration;
			buildSettings = {
				ASSETCATALOG_COMPILER_APPICON_NAME = AppIcon;
				INFOPLIST_FILE = IOS8SwiftPrototypeCellsTutorial/Info.plist;
				LD_RUNPATH_SEARCH_PATHS = "$(inherited) @executable_path/Frameworks";
				PRODUCT_NAME = "$(TARGET_NAME)";
			};
			name = Release;
		};
		FD65B51F1A8DD38200D72043 /* Debug */ = {
			isa = XCBuildConfiguration;
			buildSettings = {
				BUNDLE_LOADER = "$(TEST_HOST)";
				FRAMEWORK_SEARCH_PATHS = (
					"$(SDKROOT)/Developer/Library/Frameworks",
					"$(inherited)",
				);
				GCC_PREPROCESSOR_DEFINITIONS = (
					"DEBUG=1",
					"$(inherited)",
				);
				INFOPLIST_FILE = IOS8SwiftPrototypeCellsTutorialTests/Info.plist;
				LD_RUNPATH_SEARCH_PATHS = "$(inherited) @executable_path/Frameworks @loader_path/Frameworks";
				PRODUCT_NAME = "$(TARGET_NAME)";
				TEST_HOST = "$(BUILT_PRODUCTS_DIR)/IOS8SwiftPrototypeCellsTutorial.app/IOS8SwiftPrototypeCellsTutorial";
			};
			name = Debug;
		};
		FD65B5201A8DD38200D72043 /* Release */ = {
			isa = XCBuildConfiguration;
			buildSettings = {
				BUNDLE_LOADER = "$(TEST_HOST)";
				FRAMEWORK_SEARCH_PATHS = (
					"$(SDKROOT)/Developer/Library/Frameworks",
					"$(inherited)",
				);
				INFOPLIST_FILE = IOS8SwiftPrototypeCellsTutorialTests/Info.plist;
				LD_RUNPATH_SEARCH_PATHS = "$(inherited) @executable_path/Frameworks @loader_path/Frameworks";
				PRODUCT_NAME = "$(TARGET_NAME)";
				TEST_HOST = "$(BUILT_PRODUCTS_DIR)/IOS8SwiftPrototypeCellsTutorial.app/IOS8SwiftPrototypeCellsTutorial";
			};
			name = Release;
		};
/* End XCBuildConfiguration section */

/* Begin XCConfigurationList section */
		FD65B4F71A8DD38200D72043 /* Build configuration list for PBXProject "IOS8SwiftPrototypeCellsTutorial" */ = {
			isa = XCConfigurationList;
			buildConfigurations = (
				FD65B5191A8DD38200D72043 /* Debug */,
				FD65B51A1A8DD38200D72043 /* Release */,
			);
			defaultConfigurationIsVisible = 0;
			defaultConfigurationName = Release;
		};
		FD65B51B1A8DD38200D72043 /* Build configuration list for PBXNativeTarget "IOS8SwiftPrototypeCellsTutorial" */ = {
			isa = XCConfigurationList;
			buildConfigurations = (
				FD65B51C1A8DD38200D72043 /* Debug */,
				FD65B51D1A8DD38200D72043 /* Release */,
			);
			defaultConfigurationIsVisible = 0;
			defaultConfigurationName = Release;
		};
		FD65B51E1A8DD38200D72043 /* Build configuration list for PBXNativeTarget "IOS8SwiftPrototypeCellsTutorialTests" */ = {
			isa = XCConfigurationList;
			buildConfigurations = (
				FD65B51F1A8DD38200D72043 /* Debug */,
				FD65B5201A8DD38200D72043 /* Release */,
			);
			defaultConfigurationIsVisible = 0;
			defaultConfigurationName = Release;
		};
/* End XCConfigurationList section */
	};
	rootObject = FD65B4F41A8DD38200D72043 /* Project object */;
}
